
Microsoft Visual Studio Solution File, Format Version 12.00
# Visual Studio Version 17
VisualStudioVersion = 17.13.35825.156
MinimumVisualStudioVersion = 10.0.40219.1
Project("{FAE04EC0-301F-11D3-BF4B-00C04F79EFBC}") = "PayrollToyHRD", "PayrollToyHRD.csproj", "{183F959A-87ED-4BB0-8C16-33577A2A5AA0}"
EndProject
Project("{FAE04EC0-301F-11D3-BF4B-00C04F79EFBC}") = "WinFormsApp3", "..\WinFormsApp3\WinFormsApp3.csproj", "{B4B7D02B-9273-4766-9E9D-344567606788}"
EndProject
Global
	GlobalSection(SolutionConfigurationPlatforms) = preSolution
		Debug|Any CPU = Debug|Any CPU
		Release|Any CPU = Release|Any CPU
	EndGlobalSection
	GlobalSection(ProjectConfigurationPlatforms) = postSolution
		{183F959A-87ED-4BB0-8C16-33577A2A5AA0}.Debug|Any CPU.ActiveCfg = Debug|Any CPU
		{183F959A-87ED-4BB0-8C16-33577A2A5AA0}.Debug|Any CPU.Build.0 = Debug|Any CPU
		{183F959A-87ED-4BB0-8C16-33577A2A5AA0}.Release|Any CPU.ActiveCfg = Release|Any CPU
		{183F959A-87ED-4BB0-8C16-33577A2A5AA0}.Release|Any CPU.Build.0 = Release|Any CPU
		{B4B7D02B-9273-4766-9E9D-344567606788}.Debug|Any CPU.ActiveCfg = Debug|Any CPU
		{B4B7D02B-9273-4766-9E9D-344567606788}.Debug|Any CPU.Build.0 = Debug|Any CPU
		{B4B7D02B-9273-4766-9E9D-344567606788}.Release|Any CPU.ActiveCfg = Release|Any CPU
		{B4B7D02B-9273-4766-9E9D-344567606788}.Release|Any CPU.Build.0 = Release|Any CPU
	EndGlobalSection
	GlobalSection(SolutionProperties) = preSolution
		HideSolutionNode = FALSE
	EndGlobalSection
	GlobalSection(ExtensibilityGlobals) = postSolution
		SolutionGuid = {7CEA6425-28C6-4EAF-9002-E49DBF55D101}
	EndGlobalSection
EndGlobal
